
Microsoft Visual Studio Solution File, Format Version 12.00
# Visual Studio Version 17
VisualStudioVersion = 17.0.31423.177
MinimumVisualStudioVersion = 10.0.40219.1
Project("{9A19103F-16F7-4668-BE54-9A1E7A4F7556}") = "ApeGama.Server", "Server\ApeGama.Server.csproj", "{36684B5D-699A-4DEE-9E87-FE7F48444297}"
EndProject
Project("{9A19103F-16F7-4668-BE54-9A1E7A4F7556}") = "ApeGama.Client", "Client\ApeGama.Client.csproj", "{C75C8A33-0575-49F9-BF84-DD2ECEEAC823}"
EndProject
Project("{9A19103F-16F7-4668-BE54-9A1E7A4F7556}") = "ApeGama.Shared", "Shared\ApeGama.Shared.csproj", "{3C502086-2C87-4AEF-AACB-EED6A816A7FD}"
EndProject
Global
	GlobalSection(SolutionConfigurationPlatforms) = preSolution
		Debug|Any CPU = Debug|Any CPU
		Release|Any CPU = Release|Any CPU
	EndGlobalSection
	GlobalSection(ProjectConfigurationPlatforms) = postSolution
		{36684B5D-699A-4DEE-9E87-FE7F48444297}.Debug|Any CPU.ActiveCfg = Debug|Any CPU
		{36684B5D-699A-4DEE-9E87-FE7F48444297}.Debug|Any CPU.Build.0 = Debug|Any CPU
		{36684B5D-699A-4DEE-9E87-FE7F48444297}.Release|Any CPU.ActiveCfg = Release|Any CPU
		{36684B5D-699A-4DEE-9E87-FE7F48444297}.Release|Any CPU.Build.0 = Release|Any CPU
		{C75C8A33-0575-49F9-BF84-DD2ECEEAC823}.Debug|Any CPU.ActiveCfg = Debug|Any CPU
		{C75C8A33-0575-49F9-BF84-DD2ECEEAC823}.Debug|Any CPU.Build.0 = Debug|Any CPU
		{C75C8A33-0575-49F9-BF84-DD2ECEEAC823}.Release|Any CPU.ActiveCfg = Release|Any CPU
		{C75C8A33-0575-49F9-BF84-DD2ECEEAC823}.Release|Any CPU.Build.0 = Release|Any CPU
		{3C502086-2C87-4AEF-AACB-EED6A816A7FD}.Debug|Any CPU.ActiveCfg = Debug|Any CPU
		{3C502086-2C87-4AEF-AACB-EED6A816A7FD}.Debug|Any CPU.Build.0 = Debug|Any CPU
		{3C502086-2C87-4AEF-AACB-EED6A816A7FD}.Release|Any CPU.ActiveCfg = Release|Any CPU
		{3C502086-2C87-4AEF-AACB-EED6A816A7FD}.Release|Any CPU.Build.0 = Release|Any CPU
	EndGlobalSection
	GlobalSection(SolutionProperties) = preSolution
		HideSolutionNode = FALSE
	EndGlobalSection
	GlobalSection(ExtensibilityGlobals) = postSolution
		SolutionGuid = {7DE9B425-3F8B-4569-A562-A534E5CDD9F0}
	EndGlobalSection
EndGlobal
